
Microsoft Visual Studio Solution File, Format Version 12.00
# Visual Studio Version 17
VisualStudioVersion = 17.7.34031.279
MinimumVisualStudioVersion = 10.0.40219.1
Project("{FAE04EC0-301F-11D3-BF4B-00C04F79EFBC}") = "CadFuncionarios", "CadFuncionarios\CadFuncionarios.csproj", "{DF22400F-590A-4D5C-96FA-C00B2A3DC324}"
EndProject
Global
	GlobalSection(SolutionConfigurationPlatforms) = preSolution
		Debug|Any CPU = Debug|Any CPU
		Release|Any CPU = Release|Any CPU
	EndGlobalSection
	GlobalSection(ProjectConfigurationPlatforms) = postSolution
		{DF22400F-590A-4D5C-96FA-C00B2A3DC324}.Debug|Any CPU.ActiveCfg = Debug|Any CPU
		{DF22400F-590A-4D5C-96FA-C00B2A3DC324}.Debug|Any CPU.Build.0 = Debug|Any CPU
		{DF22400F-590A-4D5C-96FA-C00B2A3DC324}.Release|Any CPU.ActiveCfg = Release|Any CPU
		{DF22400F-590A-4D5C-96FA-C00B2A3DC324}.Release|Any CPU.Build.0 = Release|Any CPU
	EndGlobalSection
	GlobalSection(SolutionProperties) = preSolution
		HideSolutionNode = FALSE
	EndGlobalSection
	GlobalSection(ExtensibilityGlobals) = postSolution
		SolutionGuid = {61B3B6DC-E7D3-4424-B90F-4FC186B72F6E}
	EndGlobalSection
EndGlobal
